
Microsoft Visual Studio Solution File, Format Version 12.00
# Visual Studio 15
VisualStudioVersion = 15.0.27428.2043
MinimumVisualStudioVersion = 10.0.40219.1
Project("{8BC9CEB8-8B4A-11D0-8D11-00A0C91BC942}") = "Chess", "Chess\Chess.vcxproj", "{363C818F-112A-4922-BD08-F0760BE8A567}"
EndProject
Global
	GlobalSection(SolutionConfigurationPlatforms) = preSolution
		Debug|x64 = Debug|x64
		Debug|x86 = Debug|x86
		Release|x64 = Release|x64
		Release|x86 = Release|x86
	EndGlobalSection
	GlobalSection(ProjectConfigurationPlatforms) = postSolution
		{363C818F-112A-4922-BD08-F0760BE8A567}.Debug|x64.ActiveCfg = Debug|x64
		{363C818F-112A-4922-BD08-F0760BE8A567}.Debug|x64.Build.0 = Debug|x64
		{363C818F-112A-4922-BD08-F0760BE8A567}.Debug|x86.ActiveCfg = Debug|Win32
		{363C818F-112A-4922-BD08-F0760BE8A567}.Debug|x86.Build.0 = Debug|Win32
		{363C818F-112A-4922-BD08-F0760BE8A567}.Release|x64.ActiveCfg = Release|x64
		{363C818F-112A-4922-BD08-F0760BE8A567}.Release|x64.Build.0 = Release|x64
		{363C818F-112A-4922-BD08-F0760BE8A567}.Release|x86.ActiveCfg = Release|Win32
		{363C818F-112A-4922-BD08-F0760BE8A567}.Release|x86.Build.0 = Release|Win32
	EndGlobalSection
	GlobalSection(SolutionProperties) = preSolution
		HideSolutionNode = FALSE
	EndGlobalSection
	GlobalSection(ExtensibilityGlobals) = postSolution
		SolutionGuid = {1004C955-AB8E-4384-9155-56FECB2F71E4}
	EndGlobalSection
EndGlobal
